
Microsoft Visual Studio Solution File, Format Version 12.00
# Visual Studio Version 17
VisualStudioVersion = 17.9.34607.119
MinimumVisualStudioVersion = 10.0.40219.1
Project("{FAE04EC0-301F-11D3-BF4B-00C04F79EFBC}") = "TinubuSoftware", "TinubuSoftware\TinubuSoftware.csproj", "{16F5EBCA-3CF1-415C-BD8A-26C276606C46}"
EndProject
Project("{FAE04EC0-301F-11D3-BF4B-00C04F79EFBC}") = "TinubuTest", "TinubuTest\TinubuTest.csproj", "{2CF47557-7DA6-4173-805B-7F7964491E1E}"
EndProject
Project("{FAE04EC0-301F-11D3-BF4B-00C04F79EFBC}") = "TinubuNewOne", "TinubuNewOne\TinubuNewOne.csproj", "{1FE1999E-87B0-4653-B053-FEFCDF34145D}"
EndProject
Global
	GlobalSection(SolutionConfigurationPlatforms) = preSolution
		Debug|Any CPU = Debug|Any CPU
		Release|Any CPU = Release|Any CPU
	EndGlobalSection
	GlobalSection(ProjectConfigurationPlatforms) = postSolution
		{16F5EBCA-3CF1-415C-BD8A-26C276606C46}.Debug|Any CPU.ActiveCfg = Debug|Any CPU
		{16F5EBCA-3CF1-415C-BD8A-26C276606C46}.Debug|Any CPU.Build.0 = Debug|Any CPU
		{16F5EBCA-3CF1-415C-BD8A-26C276606C46}.Release|Any CPU.ActiveCfg = Release|Any CPU
		{16F5EBCA-3CF1-415C-BD8A-26C276606C46}.Release|Any CPU.Build.0 = Release|Any CPU
		{2CF47557-7DA6-4173-805B-7F7964491E1E}.Debug|Any CPU.ActiveCfg = Debug|Any CPU
		{2CF47557-7DA6-4173-805B-7F7964491E1E}.Debug|Any CPU.Build.0 = Debug|Any CPU
		{2CF47557-7DA6-4173-805B-7F7964491E1E}.Release|Any CPU.ActiveCfg = Release|Any CPU
		{2CF47557-7DA6-4173-805B-7F7964491E1E}.Release|Any CPU.Build.0 = Release|Any CPU
		{1FE1999E-87B0-4653-B053-FEFCDF34145D}.Debug|Any CPU.ActiveCfg = Debug|Any CPU
		{1FE1999E-87B0-4653-B053-FEFCDF34145D}.Debug|Any CPU.Build.0 = Debug|Any CPU
		{1FE1999E-87B0-4653-B053-FEFCDF34145D}.Release|Any CPU.ActiveCfg = Release|Any CPU
		{1FE1999E-87B0-4653-B053-FEFCDF34145D}.Release|Any CPU.Build.0 = Release|Any CPU
	EndGlobalSection
	GlobalSection(SolutionProperties) = preSolution
		HideSolutionNode = FALSE
	EndGlobalSection
	GlobalSection(ExtensibilityGlobals) = postSolution
		SolutionGuid = {1D63E0B6-C31C-46FD-BAEC-B8DF436FB0B3}
	EndGlobalSection
EndGlobal
